<Solution>
  <Project Path="AstarPathfindingProject.csproj" />
  <Project Path="LeanTween.csproj" />
  <Project Path="PackageToolsEditor.csproj" />
  <Project Path="AstarPathfindingProjectEditor.csproj" />
  <Project Path="Assembly-CSharp.csproj" />
  <Project Path="Assembly-CSharp-Editor.csproj" />
  <Project Path="UI.csproj" />
  <Project Path="Utility.csproj" />
</Solution>
